// !$*UTF8*$!
{
	archiveVersion = 1;
	classes = {
	};
	objectVersion = 77;
	objects = {

/* Begin PBXContainerItemProxy section */
		B4335A762E0D98BB00051321 /* PBXContainerItemProxy */ = {
			isa = PBXContainerItemProxy;
			containerPortal = B4335A5D2E0D98B900051321 /* Project object */;
			proxyType = 1;
			remoteGlobalIDString = B4335A642E0D98B900051321;
			remoteInfo = "Retail-Convenience";
		};
		B4335A802E0D98BB00051321 /* PBXContainerItemProxy */ = {
			isa = PBXContainerItemProxy;
			containerPortal = B4335A5D2E0D98B900051321 /* Project object */;
			proxyType = 1;
			remoteGlobalIDString = B4335A642E0D98B900051321;
			remoteInfo = "Retail-Convenience";
		};
/* End PBXContainerItemProxy section */

/* Begin PBXFileReference section */
		B4335A652E0D98B900051321 /* Retail-Convenience.app */ = {isa = PBXFileReference; explicitFileType = wrapper.application; includeInIndex = 0; path = "Retail-Convenience.app"; sourceTree = BUILT_PRODUCTS_DIR; };
		B4335A752E0D98BB00051321 /* Retail-ConvenienceTests.xctest */ = {isa = PBXFileReference; explicitFileType = wrapper.cfbundle; includeInIndex = 0; path = "Retail-ConvenienceTests.xctest"; sourceTree = BUILT_PRODUCTS_DIR; };
		B4335A7F2E0D98BB00051321 /* Retail-ConvenienceUITests.xctest */ = {isa = PBXFileReference; explicitFileType = wrapper.cfbundle; includeInIndex = 0; path = "Retail-ConvenienceUITests.xctest"; sourceTree = BUILT_PRODUCTS_DIR; };
/* End PBXFileReference section */

/* Begin PBXFileSystemSynchronizedRootGroup section */
		B4335A672E0D98B900051321 /* Retail-Convenience */ = {
			isa = PBXFileSystemSynchronizedRootGroup;
			path = "Retail-Convenience";
			sourceTree = "<group>";
		};
		B4335A782E0D98BB00051321 /* Retail-ConvenienceTests */ = {
			isa = PBXFileSystemSynchronizedRootGroup;
			path = "Retail-ConvenienceTests";
			sourceTree = "<group>";
		};
		B4335A822E0D98BB00051321 /* Retail-ConvenienceUITests */ = {
			isa = PBXFileSystemSynchronizedRootGroup;
			path = "Retail-ConvenienceUITests";
			sourceTree = "<group>";
		};
/* End PBXFileSystemSynchronizedRootGroup section */

/* Begin PBXFrameworksBuildPhase section */
		B4335A622E0D98B900051321 /* Frameworks */ = {
			isa = PBXFrameworksBuildPhase;
			buildActionMask = 2147483647;
			files = (
			);
			runOnlyForDeploymentPostprocessing = 0;
		};
		B4335A722E0D98BB00051321 /* Frameworks */ = {
			isa = PBXFrameworksBuildPhase;
			buildActionMask = 2147483647;
			files = (
			);
			runOnlyForDeploymentPostprocessing = 0;
		};
		B4335A7C2E0D98BB00051321 /* Frameworks */ = {
			isa = PBXFrameworksBuildPhase;
			buildActionMask = 2147483647;
			files = (
			);
			runOnlyForDeploymentPostprocessing = 0;
		};
/* End PBXFrameworksBuildPhase section */

/* Begin PBXGroup section */
		B4335A5C2E0D98B900051321 = {
			isa = PBXGroup;
			children = (
				B4335A672E0D98B900051321 /* Retail-Convenience */,
				B4335A782E0D98BB00051321 /* Retail-ConvenienceTests */,
				B4335A822E0D98BB00051321 /* Retail-ConvenienceUITests */,
				B4335A662E0D98B900051321 /* Products */,
			);
			sourceTree = "<group>";
		};
		B4335A662E0D98B900051321 /* Products */ = {
			isa = PBXGroup;
			children = (
				B4335A652E0D98B900051321 /* Retail-Convenience.app */,
				B4335A752E0D98BB00051321 /* Retail-ConvenienceTests.xctest */,
				B4335A7F2E0D98BB00051321 /* Retail-ConvenienceUITests.xctest */,
			);
			name = Products;
			sourceTree = "<group>";
		};
/* End PBXGroup section */

/* Begin PBXNativeTarget section */
		B4335A642E0D98B900051321 /* Retail-Convenience */ = {
			isa = PBXNativeTarget;
			buildConfigurationList = B4335A892E0D98BB00051321 /* Build configuration list for PBXNativeTarget "Retail-Convenience" */;
			buildPhases = (
				B4335A612E0D98B900051321 /* Sources */,
				B4335A622E0D98B900051321 /* Frameworks */,
				B4335A632E0D98B900051321 /* Resources */,
			);
			buildRules = (
			);
			dependencies = (
			);
			fileSystemSynchronizedGroups = (
				B4335A672E0D98B900051321 /* Retail-Convenience */,
			);
			name = "Retail-Convenience";
			packageProductDependencies = (
			);
			productName = "Retail-Convenience";
			productReference = B4335A652E0D98B900051321 /* Retail-Convenience.app */;
			productType = "com.apple.product-type.application";
		};
		B4335A742E0D98BB00051321 /* Retail-ConvenienceTests */ = {
			isa = PBXNativeTarget;
			buildConfigurationList = B4335A8C2E0D98BB00051321 /* Build configuration list for PBXNativeTarget "Retail-ConvenienceTests" */;
			buildPhases = (
				B4335A712E0D98BB00051321 /* Sources */,
				B4335A722E0D98BB00051321 /* Frameworks */,
				B4335A732E0D98BB00051321 /* Resources */,
			);
			buildRules = (
			);
			dependencies = (
				B4335A772E0D98BB00051321 /* PBXTargetDependency */,
			);
			fileSystemSynchronizedGroups = (
				B4335A782E0D98BB00051321 /* Retail-ConvenienceTests */,
			);
			name = "Retail-ConvenienceTests";
			packageProductDependencies = (
			);
			productName = "Retail-ConvenienceTests";
			productReference = B4335A752E0D98BB00051321 /* Retail-ConvenienceTests.xctest */;
			productType = "com.apple.product-type.bundle.unit-test";
		};
		B4335A7E2E0D98BB00051321 /* Retail-ConvenienceUITests */ = {
			isa = PBXNativeTarget;
			buildConfigurationList = B4335A8F2E0D98BB00051321 /* Build configuration list for PBXNativeTarget "Retail-ConvenienceUITests" */;
			buildPhases = (
				B4335A7B2E0D98BB00051321 /* Sources */,
				B4335A7C2E0D98BB00051321 /* Frameworks */,
				B4335A7D2E0D98BB00051321 /* Resources */,
			);
			buildRules = (
			);
			dependencies = (
				B4335A812E0D98BB00051321 /* PBXTargetDependency */,
			);
			fileSystemSynchronizedGroups = (
				B4335A822E0D98BB00051321 /* Retail-ConvenienceUITests */,
			);
			name = "Retail-ConvenienceUITests";
			packageProductDependencies = (
			);
			productName = "Retail-ConvenienceUITests";
			productReference = B4335A7F2E0D98BB00051321 /* Retail-ConvenienceUITests.xctest */;
			productType = "com.apple.product-type.bundle.ui-testing";
		};
/* End PBXNativeTarget section */

/* Begin PBXProject section */
		B4335A5D2E0D98B900051321 /* Project object */ = {
			isa = PBXProject;
			attributes = {
				BuildIndependentTargetsInParallel = 1;
				LastSwiftUpdateCheck = 1620;
				LastUpgradeCheck = 1620;
				TargetAttributes = {
					B4335A642E0D98B900051321 = {
						CreatedOnToolsVersion = 16.2;
					};
					B4335A742E0D98BB00051321 = {
						CreatedOnToolsVersion = 16.2;
						TestTargetID = B4335A642E0D98B900051321;
					};
					B4335A7E2E0D98BB00051321 = {
						CreatedOnToolsVersion = 16.2;
						TestTargetID = B4335A642E0D98B900051321;
					};
				};
			};
			buildConfigurationList = B4335A602E0D98B900051321 /* Build configuration list for PBXProject "Retail-Convenience" */;
			developmentRegion = en;
			hasScannedForEncodings = 0;
			knownRegions = (
				en,
				Base,
			);
			mainGroup = B4335A5C2E0D98B900051321;
			minimizedProjectReferenceProxies = 1;
			preferredProjectObjectVersion = 77;
			productRefGroup = B4335A662E0D98B900051321 /* Products */;
			projectDirPath = "";
			projectRoot = "";
			targets = (
				B4335A642E0D98B900051321 /* Retail-Convenience */,
				B4335A742E0D98BB00051321 /* Retail-ConvenienceTests */,
				B4335A7E2E0D98BB00051321 /* Retail-ConvenienceUITests */,
			);
		};
/* End PBXProject section */

/* Begin PBXResourcesBuildPhase section */
		B4335A632E0D98B900051321 /* Resources */ = {
			isa = PBXResourcesBuildPhase;
			buildActionMask = 2147483647;
			files = (
			);
			runOnlyForDeploymentPostprocessing = 0;
		};
		B4335A732E0D98BB00051321 /* Resources */ = {
			isa = PBXResourcesBuildPhase;
			buildActionMask = 2147483647;
			files = (
			);
			runOnlyForDeploymentPostprocessing = 0;
		};
		B4335A7D2E0D98BB00051321 /* Resources */ = {
			isa = PBXResourcesBuildPhase;
			buildActionMask = 2147483647;
			files = (
			);
			runOnlyForDeploymentPostprocessing = 0;
		};
/* End PBXResourcesBuildPhase section */

/* Begin PBXSourcesBuildPhase section */
		B4335A612E0D98B900051321 /* Sources */ = {
			isa = PBXSourcesBuildPhase;
			buildActionMask = 2147483647;
			files = (
			);
			runOnlyForDeploymentPostprocessing = 0;
		};
		B4335A712E0D98BB00051321 /* Sources */ = {
			isa = PBXSourcesBuildPhase;
			buildActionMask = 2147483647;
			files = (
			);
			runOnlyForDeploymentPostprocessing = 0;
		};
		B4335A7B2E0D98BB00051321 /* Sources */ = {
			isa = PBXSourcesBuildPhase;
			buildActionMask = 2147483647;
			files = (
			);
			runOnlyForDeploymentPostprocessing = 0;
		};
/* End PBXSourcesBuildPhase section */

/* Begin PBXTargetDependency section */
		B4335A772E0D98BB00051321 /* PBXTargetDependency */ = {
			isa = PBXTargetDependency;
			target = B4335A642E0D98B900051321 /* Retail-Convenience */;
			targetProxy = B4335A762E0D98BB00051321 /* PBXContainerItemProxy */;
		};
		B4335A812E0D98BB00051321 /* PBXTargetDependency */ = {
			isa = PBXTargetDependency;
			target = B4335A642E0D98B900051321 /* Retail-Convenience */;
			targetProxy = B4335A802E0D98BB00051321 /* PBXContainerItemProxy */;
		};
/* End PBXTargetDependency section */

/* Begin XCBuildConfiguration section */
		B4335A872E0D98BB00051321 /* Debug */ = {
			isa = XCBuildConfiguration;
			buildSettings = {
				ALWAYS_SEARCH_USER_PATHS = NO;
				ASSETCATALOG_COMPILER_GENERATE_SWIFT_ASSET_SYMBOL_EXTENSIONS = YES;
				CLANG_ANALYZER_NONNULL = YES;
				CLANG_ANALYZER_NUMBER_OBJECT_CONVERSION = YES_AGGRESSIVE;
				CLANG_CXX_LANGUAGE_STANDARD = "gnu++20";
				CLANG_ENABLE_MODULES = YES;
				CLANG_ENABLE_OBJC_ARC = YES;
				CLANG_ENABLE_OBJC_WEAK = YES;
				CLANG_WARN_BLOCK_CAPTURE_AUTORELEASING = YES;
				CLANG_WARN_BOOL_CONVERSION = YES;
				CLANG_WARN_COMMA = YES;
				CLANG_WARN_CONSTANT_CONVERSION = YES;
				CLANG_WARN_DEPRECATED_OBJC_IMPLEMENTATIONS = YES;
				CLANG_WARN_DIRECT_OBJC_ISA_USAGE = YES_ERROR;
				CLANG_WARN_DOCUMENTATION_COMMENTS = YES;
				CLANG_WARN_EMPTY_BODY = YES;
				CLANG_WARN_ENUM_CONVERSION = YES;
				CLANG_WARN_INFINITE_RECURSION = YES;
				CLANG_WARN_INT_CONVERSION = YES;
				CLANG_WARN_NON_LITERAL_NULL_CONVERSION = YES;
				CLANG_WARN_OBJC_IMPLICIT_RETAIN_SELF = YES;
				CLANG_WARN_OBJC_LITERAL_CONVERSION = YES;
				CLANG_WARN_OBJC_ROOT_CLASS = YES_ERROR;
				CLANG_WARN_QUOTED_INCLUDE_IN_FRAMEWORK_HEADER = YES;
				CLANG_WARN_RANGE_LOOP_ANALYSIS = YES;
				CLANG_WARN_STRICT_PROTOTYPES = YES;
				CLANG_WARN_SUSPICIOUS_MOVE = YES;
				CLANG_WARN_UNGUARDED_AVAILABILITY = YES_AGGRESSIVE;
				CLANG_WARN_UNREACHABLE_CODE = YES;
				CLANG_WARN__DUPLICATE_METHOD_MATCH = YES;
				COPY_PHASE_STRIP = NO;
				DEBUG_INFORMATION_FORMAT = dwarf;
				ENABLE_STRICT_OBJC_MSGSEND = YES;
				ENABLE_TESTABILITY = YES;
				ENABLE_USER_SCRIPT_SANDBOXING = YES;
				GCC_C_LANGUAGE_STANDARD = gnu17;
				GCC_DYNAMIC_NO_PIC = NO;
				GCC_NO_COMMON_BLOCKS = YES;
				GCC_OPTIMIZATION_LEVEL = 0;
				GCC_PREPROCESSOR_DEFINITIONS = (
					"DEBUG=1",
					"$(inherited)",
				);
				GCC_WARN_64_TO_32_BIT_CONVERSION = YES;
				GCC_WARN_ABOUT_RETURN_TYPE = YES_ERROR;
				GCC_WARN_UNDECLARED_SELECTOR = YES;
				GCC_WARN_UNINITIALIZED_AUTOS = YES_AGGRESSIVE;
				GCC_WARN_UNUSED_FUNCTION = YES;
				GCC_WARN_UNUSED_VARIABLE = YES;
				IPHONEOS_DEPLOYMENT_TARGET = 18.2;
				LOCALIZATION_PREFERS_STRING_CATALOGS = YES;
				MTL_ENABLE_DEBUG_INFO = INCLUDE_SOURCE;
				MTL_FAST_MATH = YES;
				ONLY_ACTIVE_ARCH = YES;
				SDKROOT = iphoneos;
				SWIFT_ACTIVE_COMPILATION_CONDITIONS = "DEBUG $(inherited)";
				SWIFT_OPTIMIZATION_LEVEL = "-Onone";
			};
			name = Debug;
		};
		B4335A882E0D98BB00051321 /* Release */ = {
			isa = XCBuildConfiguration;
			buildSettings = {
				ALWAYS_SEARCH_USER_PATHS = NO;
				ASSETCATALOG_COMPILER_GENERATE_SWIFT_ASSET_SYMBOL_EXTENSIONS = YES;
				CLANG_ANALYZER_NONNULL = YES;
				CLANG_ANALYZER_NUMBER_OBJECT_CONVERSION = YES_AGGRESSIVE;
				CLANG_CXX_LANGUAGE_STANDARD = "gnu++20";
				CLANG_ENABLE_MODULES = YES;
				CLANG_ENABLE_OBJC_ARC = YES;
				CLANG_ENABLE_OBJC_WEAK = YES;
				CLANG_WARN_BLOCK_CAPTURE_AUTORELEASING = YES;
				CLANG_WARN_BOOL_CONVERSION = YES;
				CLANG_WARN_COMMA = YES;
				CLANG_WARN_CONSTANT_CONVERSION = YES;
				CLANG_WARN_DEPRECATED_OBJC_IMPLEMENTATIONS = YES;
				CLANG_WARN_DIRECT_OBJC_ISA_USAGE = YES_ERROR;
				CLANG_WARN_DOCUMENTATION_COMMENTS = YES;
				CLANG_WARN_EMPTY_BODY = YES;
				CLANG_WARN_ENUM_CONVERSION = YES;
				CLANG_WARN_INFINITE_RECURSION = YES;
				CLANG_WARN_INT_CONVERSION = YES;
				CLANG_WARN_NON_LITERAL_NULL_CONVERSION = YES;
				CLANG_WARN_OBJC_IMPLICIT_RETAIN_SELF = YES;
				CLANG_WARN_OBJC_LITERAL_CONVERSION = YES;
				CLANG_WARN_OBJC_ROOT_CLASS = YES_ERROR;
				CLANG_WARN_QUOTED_INCLUDE_IN_FRAMEWORK_HEADER = YES;
				CLANG_WARN_RANGE_LOOP_ANALYSIS = YES;
				CLANG_WARN_STRICT_PROTOTYPES = YES;
				CLANG_WARN_SUSPICIOUS_MOVE = YES;
				CLANG_WARN_UNGUARDED_AVAILABILITY = YES_AGGRESSIVE;
				CLANG_WARN_UNREACHABLE_CODE = YES;
				CLANG_WARN__DUPLICATE_METHOD_MATCH = YES;
				COPY_PHASE_STRIP = NO;
				DEBUG_INFORMATION_FORMAT = "dwarf-with-dsym";
				ENABLE_NS_ASSERTIONS = NO;
				ENABLE_STRICT_OBJC_MSGSEND = YES;
				ENABLE_USER_SCRIPT_SANDBOXING = YES;
				GCC_C_LANGUAGE_STANDARD = gnu17;
				GCC_NO_COMMON_BLOCKS = YES;
				GCC_WARN_64_TO_32_BIT_CONVERSION = YES;
				GCC_WARN_ABOUT_RETURN_TYPE = YES_ERROR;
				GCC_WARN_UNDECLARED_SELECTOR = YES;
				GCC_WARN_UNINITIALIZED_AUTOS = YES_AGGRESSIVE;
				GCC_WARN_UNUSED_FUNCTION = YES;
				GCC_WARN_UNUSED_VARIABLE = YES;
				IPHONEOS_DEPLOYMENT_TARGET = 18.2;
				LOCALIZATION_PREFERS_STRING_CATALOGS = YES;
				MTL_ENABLE_DEBUG_INFO = NO;
				MTL_FAST_MATH = YES;
				SDKROOT = iphoneos;
				SWIFT_COMPILATION_MODE = wholemodule;
				VALIDATE_PRODUCT = YES;
			};
			name = Release;
		};
		B4335A8A2E0D98BB00051321 /* Debug */ = {
			isa = XCBuildConfiguration;
			buildSettings = {
				ASSETCATALOG_COMPILER_APPICON_NAME = AppIcon;
				ASSETCATALOG_COMPILER_GLOBAL_ACCENT_COLOR_NAME = AccentColor;
				CODE_SIGN_STYLE = Automatic;
				CURRENT_PROJECT_VERSION = 1;
				DEVELOPMENT_ASSET_PATHS = "\"Retail-Convenience/Preview Content\"";
				DEVELOPMENT_TEAM = VD8DRQ6K9S;
				ENABLE_PREVIEWS = YES;
				GENERATE_INFOPLIST_FILE = YES;
				INFOPLIST_KEY_UIApplicationSceneManifest_Generation = YES;
				INFOPLIST_KEY_UIApplicationSupportsIndirectInputEvents = YES;
				INFOPLIST_KEY_UILaunchScreen_Generation = YES;
				INFOPLIST_KEY_UISupportedInterfaceOrientations_iPad = "UIInterfaceOrientationPortrait UIInterfaceOrientationPortraitUpsideDown UIInterfaceOrientationLandscapeLeft UIInterfaceOrientationLandscapeRight";
				INFOPLIST_KEY_UISupportedInterfaceOrientations_iPhone = "UIInterfaceOrientationPortrait UIInterfaceOrientationLandscapeLeft UIInterfaceOrientationLandscapeRight";
				LD_RUNPATH_SEARCH_PATHS = (
					"$(inherited)",
					"@executable_path/Frameworks",
				);
				MARKETING_VERSION = 1.0;
				PRODUCT_BUNDLE_IDENTIFIER = "gredell.Retail-Convenience";
				PRODUCT_NAME = "$(TARGET_NAME)";
				SWIFT_EMIT_LOC_STRINGS = YES;
				SWIFT_VERSION = 5.0;
				TARGETED_DEVICE_FAMILY = "1,2";
			};
			name = Debug;
		};
		B4335A8B2E0D98BB00051321 /* Release */ = {
			isa = XCBuildConfiguration;
			buildSettings = {
				ASSETCATALOG_COMPILER_APPICON_NAME = AppIcon;
				ASSETCATALOG_COMPILER_GLOBAL_ACCENT_COLOR_NAME = AccentColor;
				CODE_SIGN_STYLE = Automatic;
				CURRENT_PROJECT_VERSION = 1;
				DEVELOPMENT_ASSET_PATHS = "\"Retail-Convenience/Preview Content\"";
				DEVELOPMENT_TEAM = VD8DRQ6K9S;
				ENABLE_PREVIEWS = YES;
				GENERATE_INFOPLIST_FILE = YES;
				INFOPLIST_KEY_UIApplicationSceneManifest_Generation = YES;
				INFOPLIST_KEY_UIApplicationSupportsIndirectInputEvents = YES;
				INFOPLIST_KEY_UILaunchScreen_Generation = YES;
				INFOPLIST_KEY_UISupportedInterfaceOrientations_iPad = "UIInterfaceOrientationPortrait UIInterfaceOrientationPortraitUpsideDown UIInterfaceOrientationLandscapeLeft UIInterfaceOrientationLandscapeRight";
				INFOPLIST_KEY_UISupportedInterfaceOrientations_iPhone = "UIInterfaceOrientationPortrait UIInterfaceOrientationLandscapeLeft UIInterfaceOrientationLandscapeRight";
				LD_RUNPATH_SEARCH_PATHS = (
					"$(inherited)",
					"@executable_path/Frameworks",
				);
				MARKETING_VERSION = 1.0;
				PRODUCT_BUNDLE_IDENTIFIER = "gredell.Retail-Convenience";
				PRODUCT_NAME = "$(TARGET_NAME)";
				SWIFT_EMIT_LOC_STRINGS = YES;
				SWIFT_VERSION = 5.0;
				TARGETED_DEVICE_FAMILY = "1,2";
			};
			name = Release;
		};
		B4335A8D2E0D98BB00051321 /* Debug */ = {
			isa = XCBuildConfiguration;
			buildSettings = {
				BUNDLE_LOADER = "$(TEST_HOST)";
				CODE_SIGN_STYLE = Automatic;
				CURRENT_PROJECT_VERSION = 1;
				DEVELOPMENT_TEAM = VD8DRQ6K9S;
				GENERATE_INFOPLIST_FILE = YES;
				IPHONEOS_DEPLOYMENT_TARGET = 18.2;
				MARKETING_VERSION = 1.0;
				PRODUCT_BUNDLE_IDENTIFIER = "gredell.Retail-ConvenienceTests";
				PRODUCT_NAME = "$(TARGET_NAME)";
				SWIFT_EMIT_LOC_STRINGS = NO;
				SWIFT_VERSION = 5.0;
				TARGETED_DEVICE_FAMILY = "1,2";
				TEST_HOST = "$(BUILT_PRODUCTS_DIR)/Retail-Convenience.app/$(BUNDLE_EXECUTABLE_FOLDER_PATH)/Retail-Convenience";
			};
			name = Debug;
		};
		B4335A8E2E0D98BB00051321 /* Release */ = {
			isa = XCBuildConfiguration;
			buildSettings = {
				BUNDLE_LOADER = "$(TEST_HOST)";
				CODE_SIGN_STYLE = Automatic;
				CURRENT_PROJECT_VERSION = 1;
				DEVELOPMENT_TEAM = VD8DRQ6K9S;
				GENERATE_INFOPLIST_FILE = YES;
				IPHONEOS_DEPLOYMENT_TARGET = 18.2;
				MARKETING_VERSION = 1.0;
				PRODUCT_BUNDLE_IDENTIFIER = "gredell.Retail-ConvenienceTests";
				PRODUCT_NAME = "$(TARGET_NAME)";
				SWIFT_EMIT_LOC_STRINGS = NO;
				SWIFT_VERSION = 5.0;
				TARGETED_DEVICE_FAMILY = "1,2";
				TEST_HOST = "$(BUILT_PRODUCTS_DIR)/Retail-Convenience.app/$(BUNDLE_EXECUTABLE_FOLDER_PATH)/Retail-Convenience";
			};
			name = Release;
		};
		B4335A902E0D98BB00051321 /* Debug */ = {
			isa = XCBuildConfiguration;
			buildSettings = {
				CODE_SIGN_STYLE = Automatic;
				CURRENT_PROJECT_VERSION = 1;
				DEVELOPMENT_TEAM = VD8DRQ6K9S;
				GENERATE_INFOPLIST_FILE = YES;
				MARKETING_VERSION = 1.0;
				PRODUCT_BUNDLE_IDENTIFIER = "gredell.Retail-ConvenienceUITests";
				PRODUCT_NAME = "$(TARGET_NAME)";
				SWIFT_EMIT_LOC_STRINGS = NO;
				SWIFT_VERSION = 5.0;
				TARGETED_DEVICE_FAMILY = "1,2";
				TEST_TARGET_NAME = "Retail-Convenience";
			};
			name = Debug;
		};
		B4335A912E0D98BB00051321 /* Release */ = {
			isa = XCBuildConfiguration;
			buildSettings = {
				CODE_SIGN_STYLE = Automatic;
				CURRENT_PROJECT_VERSION = 1;
				DEVELOPMENT_TEAM = VD8DRQ6K9S;
				GENERATE_INFOPLIST_FILE = YES;
				MARKETING_VERSION = 1.0;
				PRODUCT_BUNDLE_IDENTIFIER = "gredell.Retail-ConvenienceUITests";
				PRODUCT_NAME = "$(TARGET_NAME)";
				SWIFT_EMIT_LOC_STRINGS = NO;
				SWIFT_VERSION = 5.0;
				TARGETED_DEVICE_FAMILY = "1,2";
				TEST_TARGET_NAME = "Retail-Convenience";
			};
			name = Release;
		};
/* End XCBuildConfiguration section */

/* Begin XCConfigurationList section */
		B4335A602E0D98B900051321 /* Build configuration list for PBXProject "Retail-Convenience" */ = {
			isa = XCConfigurationList;
			buildConfigurations = (
				B4335A872E0D98BB00051321 /* Debug */,
				B4335A882E0D98BB00051321 /* Release */,
			);
			defaultConfigurationIsVisible = 0;
			defaultConfigurationName = Release;
		};
		B4335A892E0D98BB00051321 /* Build configuration list for PBXNativeTarget "Retail-Convenience" */ = {
			isa = XCConfigurationList;
			buildConfigurations = (
				B4335A8A2E0D98BB00051321 /* Debug */,
				B4335A8B2E0D98BB00051321 /* Release */,
			);
			defaultConfigurationIsVisible = 0;
			defaultConfigurationName = Release;
		};
		B4335A8C2E0D98BB00051321 /* Build configuration list for PBXNativeTarget "Retail-ConvenienceTests" */ = {
			isa = XCConfigurationList;
			buildConfigurations = (
				B4335A8D2E0D98BB00051321 /* Debug */,
				B4335A8E2E0D98BB00051321 /* Release */,
			);
			defaultConfigurationIsVisible = 0;
			defaultConfigurationName = Release;
		};
		B4335A8F2E0D98BB00051321 /* Build configuration list for PBXNativeTarget "Retail-ConvenienceUITests" */ = {
			isa = XCConfigurationList;
			buildConfigurations = (
				B4335A902E0D98BB00051321 /* Debug */,
				B4335A912E0D98BB00051321 /* Release */,
			);
			defaultConfigurationIsVisible = 0;
			defaultConfigurationName = Release;
		};
/* End XCConfigurationList section */
	};
	rootObject = B4335A5D2E0D98B900051321 /* Project object */;
}
